// !$*UTF8*$!
{
	archiveVersion = 1;
	classes = {
	};
	objectVersion = 46;
	objects = {

/* Begin PBXBuildFile section */
		CC72FA5A1D1140B800DA71C7 /* main.m in Sources */ = {isa = PBXBuildFile; fileRef = CC72FA591D1140B800DA71C7 /* main.m */; };
		CC72FA5D1D1140B800DA71C7 /* AppDelegate.m in Sources */ = {isa = PBXBuildFile; fileRef = CC72FA5C1D1140B800DA71C7 /* AppDelegate.m */; };
		CC72FA601D1140B800DA71C7 /* ViewController.m in Sources */ = {isa = PBXBuildFile; fileRef = CC72FA5F1D1140B800DA71C7 /* ViewController.m */; };
		CC72FA631D1140B800DA71C7 /* Main.storyboard in Resources */ = {isa = PBXBuildFile; fileRef = CC72FA611D1140B800DA71C7 /* Main.storyboard */; };
		CC72FA651D1140B800DA71C7 /* Assets.xcassets in Resources */ = {isa = PBXBuildFile; fileRef = CC72FA641D1140B800DA71C7 /* Assets.xcassets */; };
		CC72FA681D1140B800DA71C7 /* LaunchScreen.storyboard in Resources */ = {isa = PBXBuildFile; fileRef = CC72FA661D1140B800DA71C7 /* LaunchScreen.storyboard */; };
		CC72FA731D1239D000DA71C7 /* Calculator.m in Sources */ = {isa = PBXBuildFile; fileRef = CC72FA701D1239D000DA71C7 /* Calculator.m */; };
		CC72FA741D1239D000DA71C7 /* Fraction.m in Sources */ = {isa = PBXBuildFile; fileRef = CC72FA721D1239D000DA71C7 /* Fraction.m */; };
		CC72FA771D1285FE00DA71C7 /* InfoViewController.m in Sources */ = {isa = PBXBuildFile; fileRef = CC72FA761D1285FE00DA71C7 /* InfoViewController.m */; };
/* End PBXBuildFile section */

/* Begin PBXFileReference section */
		CC72FA551D1140B800DA71C7 /* Calculator.app */ = {isa = PBXFileReference; explicitFileType = wrapper.application; includeInIndex = 0; path = Calculator.app; sourceTree = BUILT_PRODUCTS_DIR; };
		CC72FA591D1140B800DA71C7 /* main.m */ = {isa = PBXFileReference; lastKnownFileType = sourcecode.c.objc; path = main.m; sourceTree = "<group>"; };
		CC72FA5B1D1140B800DA71C7 /* AppDelegate.h */ = {isa = PBXFileReference; lastKnownFileType = sourcecode.c.h; path = AppDelegate.h; sourceTree = "<group>"; };
		CC72FA5C1D1140B800DA71C7 /* AppDelegate.m */ = {isa = PBXFileReference; lastKnownFileType = sourcecode.c.objc; path = AppDelegate.m; sourceTree = "<group>"; };
		CC72FA5E1D1140B800DA71C7 /* ViewController.h */ = {isa = PBXFileReference; lastKnownFileType = sourcecode.c.h; path = ViewController.h; sourceTree = "<group>"; };
		CC72FA5F1D1140B800DA71C7 /* ViewController.m */ = {isa = PBXFileReference; lastKnownFileType = sourcecode.c.objc; path = ViewController.m; sourceTree = "<group>"; };
		CC72FA621D1140B800DA71C7 /* Base */ = {isa = PBXFileReference; lastKnownFileType = file.storyboard; name = Base; path = Base.lproj/Main.storyboard; sourceTree = "<group>"; };
		CC72FA641D1140B800DA71C7 /* Assets.xcassets */ = {isa = PBXFileReference; lastKnownFileType = folder.assetcatalog; path = Assets.xcassets; sourceTree = "<group>"; };
		CC72FA671D1140B800DA71C7 /* Base */ = {isa = PBXFileReference; lastKnownFileType = file.storyboard; name = Base; path = Base.lproj/LaunchScreen.storyboard; sourceTree = "<group>"; };
		CC72FA691D1140B800DA71C7 /* Info.plist */ = {isa = PBXFileReference; lastKnownFileType = text.plist.xml; path = Info.plist; sourceTree = "<group>"; };
		CC72FA6F1D1239D000DA71C7 /* Calculator.h */ = {isa = PBXFileReference; fileEncoding = 4; lastKnownFileType = sourcecode.c.h; path = Calculator.h; sourceTree = "<group>"; };
		CC72FA701D1239D000DA71C7 /* Calculator.m */ = {isa = PBXFileReference; fileEncoding = 4; lastKnownFileType = sourcecode.c.objc; path = Calculator.m; sourceTree = "<group>"; };
		CC72FA711D1239D000DA71C7 /* Fraction.h */ = {isa = PBXFileReference; fileEncoding = 4; lastKnownFileType = sourcecode.c.h; path = Fraction.h; sourceTree = "<group>"; };
		CC72FA721D1239D000DA71C7 /* Fraction.m */ = {isa = PBXFileReference; fileEncoding = 4; lastKnownFileType = sourcecode.c.objc; path = Fraction.m; sourceTree = "<group>"; };
		CC72FA751D1285FE00DA71C7 /* InfoViewController.h */ = {isa = PBXFileReference; fileEncoding = 4; lastKnownFileType = sourcecode.c.h; path = InfoViewController.h; sourceTree = "<group>"; };
		CC72FA761D1285FE00DA71C7 /* InfoViewController.m */ = {isa = PBXFileReference; fileEncoding = 4; lastKnownFileType = sourcecode.c.objc; path = InfoViewController.m; sourceTree = "<group>"; };
/* End PBXFileReference section */

/* Begin PBXFrameworksBuildPhase section */
		CC72FA521D1140B800DA71C7 /* Frameworks */ = {
			isa = PBXFrameworksBuildPhase;
			buildActionMask = 2147483647;
			files = (
			);
			runOnlyForDeploymentPostprocessing = 0;
		};
/* End PBXFrameworksBuildPhase section */

/* Begin PBXGroup section */
		CC72FA4C1D1140B800DA71C7 = {
			isa = PBXGroup;
			children = (
				CC72FA571D1140B800DA71C7 /* Calculator */,
				CC72FA561D1140B800DA71C7 /* Products */,
			);
			sourceTree = "<group>";
		};
		CC72FA561D1140B800DA71C7 /* Products */ = {
			isa = PBXGroup;
			children = (
				CC72FA551D1140B800DA71C7 /* Calculator.app */,
			);
			name = Products;
			sourceTree = "<group>";
		};
		CC72FA571D1140B800DA71C7 /* Calculator */ = {
			isa = PBXGroup;
			children = (
				CC72FA6F1D1239D000DA71C7 /* Calculator.h */,
				CC72FA701D1239D000DA71C7 /* Calculator.m */,
				CC72FA711D1239D000DA71C7 /* Fraction.h */,
				CC72FA721D1239D000DA71C7 /* Fraction.m */,
				CC72FA5B1D1140B800DA71C7 /* AppDelegate.h */,
				CC72FA5C1D1140B800DA71C7 /* AppDelegate.m */,
				CC72FA5E1D1140B800DA71C7 /* ViewController.h */,
				CC72FA5F1D1140B800DA71C7 /* ViewController.m */,
				CC72FA611D1140B800DA71C7 /* Main.storyboard */,
				CC72FA641D1140B800DA71C7 /* Assets.xcassets */,
				CC72FA661D1140B800DA71C7 /* LaunchScreen.storyboard */,
				CC72FA691D1140B800DA71C7 /* Info.plist */,
				CC72FA581D1140B800DA71C7 /* Supporting Files */,
				CC72FA751D1285FE00DA71C7 /* InfoViewController.h */,
				CC72FA761D1285FE00DA71C7 /* InfoViewController.m */,
			);
			path = Calculator;
			sourceTree = "<group>";
		};
		CC72FA581D1140B800DA71C7 /* Supporting Files */ = {
			isa = PBXGroup;
			children = (
				CC72FA591D1140B800DA71C7 /* main.m */,
			);
			name = "Supporting Files";
			sourceTree = "<group>";
		};
/* End PBXGroup section */

/* Begin PBXNativeTarget section */
		CC72FA541D1140B800DA71C7 /* Calculator */ = {
			isa = PBXNativeTarget;
			buildConfigurationList = CC72FA6C1D1140B800DA71C7 /* Build configuration list for PBXNativeTarget "Calculator" */;
			buildPhases = (
				CC72FA511D1140B800DA71C7 /* Sources */,
				CC72FA521D1140B800DA71C7 /* Frameworks */,
				CC72FA531D1140B800DA71C7 /* Resources */,
			);
			buildRules = (
			);
			dependencies = (
			);
			name = Calculator;
			productName = Calculator;
			productReference = CC72FA551D1140B800DA71C7 /* Calculator.app */;
			productType = "com.apple.product-type.application";
		};
/* End PBXNativeTarget section */

/* Begin PBXProject section */
		CC72FA4D1D1140B800DA71C7 /* Project object */ = {
			isa = PBXProject;
			attributes = {
				KnownAssetTags = (
					0,
					1,
					2,
					3,
					4,
					5,
					6,
					7,
					8,
					9,
				);
				LastUpgradeCheck = 0730;
				ORGANIZATIONNAME = "MF839-016";
				TargetAttributes = {
					CC72FA541D1140B800DA71C7 = {
						CreatedOnToolsVersion = 7.3;
					};
				};
			};
			buildConfigurationList = CC72FA501D1140B800DA71C7 /* Build configuration list for PBXProject "Calculator" */;
			compatibilityVersion = "Xcode 3.2";
			developmentRegion = English;
			hasScannedForEncodings = 0;
			knownRegions = (
				en,
				Base,
			);
			mainGroup = CC72FA4C1D1140B800DA71C7;
			productRefGroup = CC72FA561D1140B800DA71C7 /* Products */;
			projectDirPath = "";
			projectRoot = "";
			targets = (
				CC72FA541D1140B800DA71C7 /* Calculator */,
			);
		};
/* End PBXProject section */

/* Begin PBXResourcesBuildPhase section */
		CC72FA531D1140B800DA71C7 /* Resources */ = {
			isa = PBXResourcesBuildPhase;
			buildActionMask = 2147483647;
			files = (
				CC72FA681D1140B800DA71C7 /* LaunchScreen.storyboard in Resources */,
				CC72FA651D1140B800DA71C7 /* Assets.xcassets in Resources */,
				CC72FA631D1140B800DA71C7 /* Main.storyboard in Resources */,
			);
			runOnlyForDeploymentPostprocessing = 0;
		};
/* End PBXResourcesBuildPhase section */

/* Begin PBXSourcesBuildPhase section */
		CC72FA511D1140B800DA71C7 /* Sources */ = {
			isa = PBXSourcesBuildPhase;
			buildActionMask = 2147483647;
			files = (
				CC72FA601D1140B800DA71C7 /* ViewController.m in Sources */,
				CC72FA731D1239D000DA71C7 /* Calculator.m in Sources */,
				CC72FA771D1285FE00DA71C7 /* InfoViewController.m in Sources */,
				CC72FA5D1D1140B800DA71C7 /* AppDelegate.m in Sources */,
				CC72FA5A1D1140B800DA71C7 /* main.m in Sources */,
				CC72FA741D1239D000DA71C7 /* Fraction.m in Sources */,
			);
			runOnlyForDeploymentPostprocessing = 0;
		};
/* End PBXSourcesBuildPhase section */

/* Begin PBXVariantGroup section */
		CC72FA611D1140B800DA71C7 /* Main.storyboard */ = {
			isa = PBXVariantGroup;
			children = (
				CC72FA621D1140B800DA71C7 /* Base */,
			);
			name = Main.storyboard;
			sourceTree = "<group>";
		};
		CC72FA661D1140B800DA71C7 /* LaunchScreen.storyboard */ = {
			isa = PBXVariantGroup;
			children = (
				CC72FA671D1140B800DA71C7 /* Base */,
			);
			name = LaunchScreen.storyboard;
			sourceTree = "<group>";
		};
/* End PBXVariantGroup section */

/* Begin XCBuildConfiguration section */
		CC72FA6A1D1140B800DA71C7 /* Debug */ = {
			isa = XCBuildConfiguration;
			buildSettings = {
				ALWAYS_SEARCH_USER_PATHS = NO;
				CLANG_ANALYZER_NONNULL = YES;
				CLANG_CXX_LANGUAGE_STANDARD = "gnu++0x";
				CLANG_CXX_LIBRARY = "libc++";
				CLANG_ENABLE_MODULES = YES;
				CLANG_ENABLE_OBJC_ARC = YES;
				CLANG_WARN_BOOL_CONVERSION = YES;
				CLANG_WARN_CONSTANT_CONVERSION = YES;
				CLANG_WARN_DIRECT_OBJC_ISA_USAGE = YES_ERROR;
				CLANG_WARN_EMPTY_BODY = YES;
				CLANG_WARN_ENUM_CONVERSION = YES;
				CLANG_WARN_INT_CONVERSION = YES;
				CLANG_WARN_OBJC_ROOT_CLASS = YES_ERROR;
				CLANG_WARN_UNREACHABLE_CODE = YES;
				CLANG_WARN__DUPLICATE_METHOD_MATCH = YES;
				"CODE_SIGN_IDENTITY[sdk=iphoneos*]" = "iPhone Developer";
				COPY_PHASE_STRIP = NO;
				DEBUG_INFORMATION_FORMAT = dwarf;
				ENABLE_STRICT_OBJC_MSGSEND = YES;
				ENABLE_TESTABILITY = YES;
				GCC_C_LANGUAGE_STANDARD = gnu99;
				GCC_DYNAMIC_NO_PIC = NO;
				GCC_NO_COMMON_BLOCKS = YES;
				GCC_OPTIMIZATION_LEVEL = 0;
				GCC_PREPROCESSOR_DEFINITIONS = (
					"DEBUG=1",
					"$(inherited)",
				);
				GCC_WARN_64_TO_32_BIT_CONVERSION = YES;
				GCC_WARN_ABOUT_RETURN_TYPE = YES_ERROR;
				GCC_WARN_UNDECLARED_SELECTOR = YES;
				GCC_WARN_UNINITIALIZED_AUTOS = YES_AGGRESSIVE;
				GCC_WARN_UNUSED_FUNCTION = YES;
				GCC_WARN_UNUSED_VARIABLE = YES;
				IPHONEOS_DEPLOYMENT_TARGET = 9.3;
				MTL_ENABLE_DEBUG_INFO = YES;
				ONLY_ACTIVE_ARCH = YES;
				SDKROOT = iphoneos;
				TARGETED_DEVICE_FAMILY = "1,2";
			};
			name = Debug;
		};
		CC72FA6B1D1140B800DA71C7 /* Release */ = {
			isa = XCBuildConfiguration;
			buildSettings = {
				ALWAYS_SEARCH_USER_PATHS = NO;
				CLANG_ANALYZER_NONNULL = YES;
				CLANG_CXX_LANGUAGE_STANDARD = "gnu++0x";
				CLANG_CXX_LIBRARY = "libc++";
				CLANG_ENABLE_MODULES = YES;
				CLANG_ENABLE_OBJC_ARC = YES;
				CLANG_WARN_BOOL_CONVERSION = YES;
				CLANG_WARN_CONSTANT_CONVERSION = YES;
				CLANG_WARN_DIRECT_OBJC_ISA_USAGE = YES_ERROR;
				CLANG_WARN_EMPTY_BODY = YES;
				CLANG_WARN_ENUM_CONVERSION = YES;
				CLANG_WARN_INT_CONVERSION = YES;
				CLANG_WARN_OBJC_ROOT_CLASS = YES_ERROR;
				CLANG_WARN_UNREACHABLE_CODE = YES;
				CLANG_WARN__DUPLICATE_METHOD_MATCH = YES;
				"CODE_SIGN_IDENTITY[sdk=iphoneos*]" = "iPhone Developer";
				COPY_PHASE_STRIP = NO;
				DEBUG_INFORMATION_FORMAT = "dwarf-with-dsym";
				ENABLE_NS_ASSERTIONS = NO;
				ENABLE_STRICT_OBJC_MSGSEND = YES;
				GCC_C_LANGUAGE_STANDARD = gnu99;
				GCC_NO_COMMON_BLOCKS = YES;
				GCC_WARN_64_TO_32_BIT_CONVERSION = YES;
				GCC_WARN_ABOUT_RETURN_TYPE = YES_ERROR;
				GCC_WARN_UNDECLARED_SELECTOR = YES;
				GCC_WARN_UNINITIALIZED_AUTOS = YES_AGGRESSIVE;
				GCC_WARN_UNUSED_FUNCTION = YES;
				GCC_WARN_UNUSED_VARIABLE = YES;
				IPHONEOS_DEPLOYMENT_TARGET = 9.3;
				MTL_ENABLE_DEBUG_INFO = NO;
				SDKROOT = iphoneos;
				TARGETED_DEVICE_FAMILY = "1,2";
				VALIDATE_PRODUCT = YES;
			};
			name = Release;
		};
		CC72FA6D1D1140B800DA71C7 /* Debug */ = {
			isa = XCBuildConfiguration;
			buildSettings = {
				ASSETCATALOG_COMPILER_APPICON_NAME = AppIcon;
				INFOPLIST_FILE = Calculator/Info.plist;
				LD_RUNPATH_SEARCH_PATHS = "$(inherited) @executable_path/Frameworks";
				PRODUCT_BUNDLE_IDENTIFIER = com.sds.Calculator;
				PRODUCT_NAME = "$(TARGET_NAME)";
			};
			name = Debug;
		};
		CC72FA6E1D1140B800DA71C7 /* Release */ = {
			isa = XCBuildConfiguration;
			buildSettings = {
				ASSETCATALOG_COMPILER_APPICON_NAME = AppIcon;
				INFOPLIST_FILE = Calculator/Info.plist;
				LD_RUNPATH_SEARCH_PATHS = "$(inherited) @executable_path/Frameworks";
				PRODUCT_BUNDLE_IDENTIFIER = com.sds.Calculator;
				PRODUCT_NAME = "$(TARGET_NAME)";
			};
			name = Release;
		};
/* End XCBuildConfiguration section */

/* Begin XCConfigurationList section */
		CC72FA501D1140B800DA71C7 /* Build configuration list for PBXProject "Calculator" */ = {
			isa = XCConfigurationList;
			buildConfigurations = (
				CC72FA6A1D1140B800DA71C7 /* Debug */,
				CC72FA6B1D1140B800DA71C7 /* Release */,
			);
			defaultConfigurationIsVisible = 0;
			defaultConfigurationName = Release;
		};
		CC72FA6C1D1140B800DA71C7 /* Build configuration list for PBXNativeTarget "Calculator" */ = {
			isa = XCConfigurationList;
			buildConfigurations = (
				CC72FA6D1D1140B800DA71C7 /* Debug */,
				CC72FA6E1D1140B800DA71C7 /* Release */,
			);
			defaultConfigurationIsVisible = 0;
		};
/* End XCConfigurationList section */
	};
	rootObject = CC72FA4D1D1140B800DA71C7 /* Project object */;
}
